
Microsoft Visual Studio Solution File, Format Version 12.00
# Visual Studio Version 17
VisualStudioVersion = 17.2.32526.322
MinimumVisualStudioVersion = 10.0.40219.1
Project("{8BC9CEB8-8B4A-11D0-8D11-00A0C91BC942}") = "algorithmMarkova", "algorithmMarkova\algorithmMarkova.vcxproj", "{5A744753-B9D2-4864-A091-01A6415F2CB4}"
EndProject
Project("{8BC9CEB8-8B4A-11D0-8D11-00A0C91BC942}") = "UnitTest1", "UnitTest1\UnitTest1.vcxproj", "{741FB23E-9EC1-4C03-BA92-F7E4FF0ABD20}"
EndProject
Global
	GlobalSection(SolutionConfigurationPlatforms) = preSolution
		Debug|x64 = Debug|x64
		Debug|x86 = Debug|x86
		Release|x64 = Release|x64
		Release|x86 = Release|x86
	EndGlobalSection
	GlobalSection(ProjectConfigurationPlatforms) = postSolution
		{5A744753-B9D2-4864-A091-01A6415F2CB4}.Debug|x64.ActiveCfg = Debug|x64
		{5A744753-B9D2-4864-A091-01A6415F2CB4}.Debug|x64.Build.0 = Debug|x64
		{5A744753-B9D2-4864-A091-01A6415F2CB4}.Debug|x86.ActiveCfg = Debug|Win32
		{5A744753-B9D2-4864-A091-01A6415F2CB4}.Debug|x86.Build.0 = Debug|Win32
		{5A744753-B9D2-4864-A091-01A6415F2CB4}.Release|x64.ActiveCfg = Release|x64
		{5A744753-B9D2-4864-A091-01A6415F2CB4}.Release|x64.Build.0 = Release|x64
		{5A744753-B9D2-4864-A091-01A6415F2CB4}.Release|x86.ActiveCfg = Release|Win32
		{5A744753-B9D2-4864-A091-01A6415F2CB4}.Release|x86.Build.0 = Release|Win32
		{741FB23E-9EC1-4C03-BA92-F7E4FF0ABD20}.Debug|x64.ActiveCfg = Debug|x64
		{741FB23E-9EC1-4C03-BA92-F7E4FF0ABD20}.Debug|x64.Build.0 = Debug|x64
		{741FB23E-9EC1-4C03-BA92-F7E4FF0ABD20}.Debug|x86.ActiveCfg = Debug|Win32
		{741FB23E-9EC1-4C03-BA92-F7E4FF0ABD20}.Debug|x86.Build.0 = Debug|Win32
		{741FB23E-9EC1-4C03-BA92-F7E4FF0ABD20}.Release|x64.ActiveCfg = Release|x64
		{741FB23E-9EC1-4C03-BA92-F7E4FF0ABD20}.Release|x64.Build.0 = Release|x64
		{741FB23E-9EC1-4C03-BA92-F7E4FF0ABD20}.Release|x86.ActiveCfg = Release|Win32
		{741FB23E-9EC1-4C03-BA92-F7E4FF0ABD20}.Release|x86.Build.0 = Release|Win32
	EndGlobalSection
	GlobalSection(SolutionProperties) = preSolution
		HideSolutionNode = FALSE
	EndGlobalSection
	GlobalSection(ExtensibilityGlobals) = postSolution
		SolutionGuid = {DE148CEC-1BE5-41A7-8ED4-A1C5F1CCC4E8}
	EndGlobalSection
EndGlobal
